
Microsoft Visual Studio Solution File, Format Version 12.00
# Visual Studio 15
VisualStudioVersion = 15.0.26430.16
MinimumVisualStudioVersion = 10.0.40219.1
Project("{8BC9CEB8-8B4A-11D0-8D11-00A0C91BC942}") = "SFMLGame", "SFMLGame\SFMLGame.vcxproj", "{C41313A1-FE4F-4E45-9DB5-A6E7D1BB2479}"
EndProject
Project("{8BC9CEB8-8B4A-11D0-8D11-00A0C91BC942}") = "TextBasedGame", "TextBasedGame\TextBasedGame.vcxproj", "{DE07ED1B-CD25-485A-B601-A1CC794029E1}"
EndProject
Project("{2150E333-8FDC-42A3-9474-1A3956D46DE8}") = "Text Based Game Framework", "Text Based Game Framework", "{7BF1348F-14BE-4F2A-B51D-E75AFBFFB6C4}"
EndProject
Project("{8BC9CEB8-8B4A-11D0-8D11-00A0C91BC942}") = "GameLogic", "GameLogic\GameLogic.vcxproj", "{BA892798-C6FC-4EA7-997D-5E5D06A73024}"
EndProject
Project("{8BC9CEB8-8B4A-11D0-8D11-00A0C91BC942}") = "GameRender", "GameRender\GameRender.vcxproj", "{941110E0-1E8D-4FCF-8600-85CFEC746E0B}"
EndProject
Project("{2150E333-8FDC-42A3-9474-1A3956D46DE8}") = "Renderers", "Renderers", "{0F1F2508-7A5D-45D9-B6D4-CA415B0EA4F9}"
EndProject
Project("{8BC9CEB8-8B4A-11D0-8D11-00A0C91BC942}") = "ConsoleRenderer", "ConsoleRenderer\ConsoleRenderer.vcxproj", "{FF76B305-33B8-4470-8F30-3F9BA4BFFC89}"
EndProject
Project("{8BC9CEB8-8B4A-11D0-8D11-00A0C91BC942}") = "SFMLRenderer", "SFMLRenderer\SFMLRenderer.vcxproj", "{903A5CB2-7E33-4FD6-AD8E-1229EBF83535}"
EndProject
Project("{8BC9CEB8-8B4A-11D0-8D11-00A0C91BC942}") = "OpenGLRenderer", "OpenGLRenderer\OpenGLRenderer.vcxproj", "{7E63D4F8-2E29-4CA8-8E5C-66C658412021}"
EndProject
Project("{8BC9CEB8-8B4A-11D0-8D11-00A0C91BC942}") = "GameCore", "GameCore\GameCore.vcxproj", "{D91E524D-D5E9-4122-B740-A73821E898F4}"
EndProject
Project("{2150E333-8FDC-42A3-9474-1A3956D46DE8}") = ".Net Framework", ".Net Framework", "{27696FDB-DBC1-484E-8585-CD73188C1229}"
EndProject
Project("{FAE04EC0-301F-11D3-BF4B-00C04F79EFBC}") = "CBGTest", "CBGTest\CBGTest.csproj", "{954C65D5-7C2E-4858-83D9-479254EADEE8}"
EndProject
Project("{FAE04EC0-301F-11D3-BF4B-00C04F79EFBC}") = "CBGCore", "CBGCore\CBGCore.csproj", "{639E854E-40C3-4D92-930F-BAD9A1603F66}"
EndProject
Project("{8BC9CEB8-8B4A-11D0-8D11-00A0C91BC942}") = "CBGSFMLTutorial", "CBGSFMLTutorial\CBGSFMLTutorial.vcxproj", "{91F91A16-DDF7-4EDA-89AD-15E343D5E2C8}"
EndProject
Global
	GlobalSection(SolutionConfigurationPlatforms) = preSolution
		Debug|Any CPU = Debug|Any CPU
		Debug|x64 = Debug|x64
		Debug|x86 = Debug|x86
		Release|Any CPU = Release|Any CPU
		Release|x64 = Release|x64
		Release|x86 = Release|x86
	EndGlobalSection
	GlobalSection(ProjectConfigurationPlatforms) = postSolution
		{C41313A1-FE4F-4E45-9DB5-A6E7D1BB2479}.Debug|Any CPU.ActiveCfg = Debug|Win32
		{C41313A1-FE4F-4E45-9DB5-A6E7D1BB2479}.Debug|x64.ActiveCfg = Debug|x64
		{C41313A1-FE4F-4E45-9DB5-A6E7D1BB2479}.Debug|x64.Build.0 = Debug|x64
		{C41313A1-FE4F-4E45-9DB5-A6E7D1BB2479}.Debug|x86.ActiveCfg = Debug|Win32
		{C41313A1-FE4F-4E45-9DB5-A6E7D1BB2479}.Debug|x86.Build.0 = Debug|Win32
		{C41313A1-FE4F-4E45-9DB5-A6E7D1BB2479}.Release|Any CPU.ActiveCfg = Release|Win32
		{C41313A1-FE4F-4E45-9DB5-A6E7D1BB2479}.Release|x64.ActiveCfg = Release|x64
		{C41313A1-FE4F-4E45-9DB5-A6E7D1BB2479}.Release|x64.Build.0 = Release|x64
		{C41313A1-FE4F-4E45-9DB5-A6E7D1BB2479}.Release|x86.ActiveCfg = Release|Win32
		{C41313A1-FE4F-4E45-9DB5-A6E7D1BB2479}.Release|x86.Build.0 = Release|Win32
		{DE07ED1B-CD25-485A-B601-A1CC794029E1}.Debug|Any CPU.ActiveCfg = Debug|Win32
		{DE07ED1B-CD25-485A-B601-A1CC794029E1}.Debug|x64.ActiveCfg = Debug|x64
		{DE07ED1B-CD25-485A-B601-A1CC794029E1}.Debug|x64.Build.0 = Debug|x64
		{DE07ED1B-CD25-485A-B601-A1CC794029E1}.Debug|x86.ActiveCfg = Debug|Win32
		{DE07ED1B-CD25-485A-B601-A1CC794029E1}.Debug|x86.Build.0 = Debug|Win32
		{DE07ED1B-CD25-485A-B601-A1CC794029E1}.Release|Any CPU.ActiveCfg = Release|Win32
		{DE07ED1B-CD25-485A-B601-A1CC794029E1}.Release|x64.ActiveCfg = Release|x64
		{DE07ED1B-CD25-485A-B601-A1CC794029E1}.Release|x64.Build.0 = Release|x64
		{DE07ED1B-CD25-485A-B601-A1CC794029E1}.Release|x86.ActiveCfg = Release|Win32
		{DE07ED1B-CD25-485A-B601-A1CC794029E1}.Release|x86.Build.0 = Release|Win32
		{BA892798-C6FC-4EA7-997D-5E5D06A73024}.Debug|Any CPU.ActiveCfg = Debug|Win32
		{BA892798-C6FC-4EA7-997D-5E5D06A73024}.Debug|x64.ActiveCfg = Debug|x64
		{BA892798-C6FC-4EA7-997D-5E5D06A73024}.Debug|x64.Build.0 = Debug|x64
		{BA892798-C6FC-4EA7-997D-5E5D06A73024}.Debug|x86.ActiveCfg = Debug|Win32
		{BA892798-C6FC-4EA7-997D-5E5D06A73024}.Debug|x86.Build.0 = Debug|Win32
		{BA892798-C6FC-4EA7-997D-5E5D06A73024}.Release|Any CPU.ActiveCfg = Release|Win32
		{BA892798-C6FC-4EA7-997D-5E5D06A73024}.Release|x64.ActiveCfg = Release|x64
		{BA892798-C6FC-4EA7-997D-5E5D06A73024}.Release|x64.Build.0 = Release|x64
		{BA892798-C6FC-4EA7-997D-5E5D06A73024}.Release|x86.ActiveCfg = Release|Win32
		{BA892798-C6FC-4EA7-997D-5E5D06A73024}.Release|x86.Build.0 = Release|Win32
		{941110E0-1E8D-4FCF-8600-85CFEC746E0B}.Debug|Any CPU.ActiveCfg = Debug|Win32
		{941110E0-1E8D-4FCF-8600-85CFEC746E0B}.Debug|x64.ActiveCfg = Debug|x64
		{941110E0-1E8D-4FCF-8600-85CFEC746E0B}.Debug|x64.Build.0 = Debug|x64
		{941110E0-1E8D-4FCF-8600-85CFEC746E0B}.Debug|x86.ActiveCfg = Debug|Win32
		{941110E0-1E8D-4FCF-8600-85CFEC746E0B}.Debug|x86.Build.0 = Debug|Win32
		{941110E0-1E8D-4FCF-8600-85CFEC746E0B}.Release|Any CPU.ActiveCfg = Release|Win32
		{941110E0-1E8D-4FCF-8600-85CFEC746E0B}.Release|x64.ActiveCfg = Release|x64
		{941110E0-1E8D-4FCF-8600-85CFEC746E0B}.Release|x64.Build.0 = Release|x64
		{941110E0-1E8D-4FCF-8600-85CFEC746E0B}.Release|x86.ActiveCfg = Release|Win32
		{941110E0-1E8D-4FCF-8600-85CFEC746E0B}.Release|x86.Build.0 = Release|Win32
		{FF76B305-33B8-4470-8F30-3F9BA4BFFC89}.Debug|Any CPU.ActiveCfg = Debug|Win32
		{FF76B305-33B8-4470-8F30-3F9BA4BFFC89}.Debug|x64.ActiveCfg = Debug|x64
		{FF76B305-33B8-4470-8F30-3F9BA4BFFC89}.Debug|x64.Build.0 = Debug|x64
		{FF76B305-33B8-4470-8F30-3F9BA4BFFC89}.Debug|x86.ActiveCfg = Debug|Win32
		{FF76B305-33B8-4470-8F30-3F9BA4BFFC89}.Debug|x86.Build.0 = Debug|Win32
		{FF76B305-33B8-4470-8F30-3F9BA4BFFC89}.Release|Any CPU.ActiveCfg = Release|Win32
		{FF76B305-33B8-4470-8F30-3F9BA4BFFC89}.Release|x64.ActiveCfg = Release|x64
		{FF76B305-33B8-4470-8F30-3F9BA4BFFC89}.Release|x64.Build.0 = Release|x64
		{FF76B305-33B8-4470-8F30-3F9BA4BFFC89}.Release|x86.ActiveCfg = Release|Win32
		{FF76B305-33B8-4470-8F30-3F9BA4BFFC89}.Release|x86.Build.0 = Release|Win32
		{903A5CB2-7E33-4FD6-AD8E-1229EBF83535}.Debug|Any CPU.ActiveCfg = Debug|Win32
		{903A5CB2-7E33-4FD6-AD8E-1229EBF83535}.Debug|x64.ActiveCfg = Debug|x64
		{903A5CB2-7E33-4FD6-AD8E-1229EBF83535}.Debug|x64.Build.0 = Debug|x64
		{903A5CB2-7E33-4FD6-AD8E-1229EBF83535}.Debug|x86.ActiveCfg = Debug|Win32
		{903A5CB2-7E33-4FD6-AD8E-1229EBF83535}.Debug|x86.Build.0 = Debug|Win32
		{903A5CB2-7E33-4FD6-AD8E-1229EBF83535}.Release|Any CPU.ActiveCfg = Release|Win32
		{903A5CB2-7E33-4FD6-AD8E-1229EBF83535}.Release|x64.ActiveCfg = Release|x64
		{903A5CB2-7E33-4FD6-AD8E-1229EBF83535}.Release|x64.Build.0 = Release|x64
		{903A5CB2-7E33-4FD6-AD8E-1229EBF83535}.Release|x86.ActiveCfg = Release|Win32
		{903A5CB2-7E33-4FD6-AD8E-1229EBF83535}.Release|x86.Build.0 = Release|Win32
		{7E63D4F8-2E29-4CA8-8E5C-66C658412021}.Debug|Any CPU.ActiveCfg = Debug|Win32
		{7E63D4F8-2E29-4CA8-8E5C-66C658412021}.Debug|x64.ActiveCfg = Debug|x64
		{7E63D4F8-2E29-4CA8-8E5C-66C658412021}.Debug|x64.Build.0 = Debug|x64
		{7E63D4F8-2E29-4CA8-8E5C-66C658412021}.Debug|x86.ActiveCfg = Debug|Win32
		{7E63D4F8-2E29-4CA8-8E5C-66C658412021}.Debug|x86.Build.0 = Debug|Win32
		{7E63D4F8-2E29-4CA8-8E5C-66C658412021}.Release|Any CPU.ActiveCfg = Release|Win32
		{7E63D4F8-2E29-4CA8-8E5C-66C658412021}.Release|x64.ActiveCfg = Release|x64
		{7E63D4F8-2E29-4CA8-8E5C-66C658412021}.Release|x64.Build.0 = Release|x64
		{7E63D4F8-2E29-4CA8-8E5C-66C658412021}.Release|x86.ActiveCfg = Release|Win32
		{7E63D4F8-2E29-4CA8-8E5C-66C658412021}.Release|x86.Build.0 = Release|Win32
		{D91E524D-D5E9-4122-B740-A73821E898F4}.Debug|Any CPU.ActiveCfg = Debug|Win32
		{D91E524D-D5E9-4122-B740-A73821E898F4}.Debug|x64.ActiveCfg = Debug|x64
		{D91E524D-D5E9-4122-B740-A73821E898F4}.Debug|x64.Build.0 = Debug|x64
		{D91E524D-D5E9-4122-B740-A73821E898F4}.Debug|x86.ActiveCfg = Debug|Win32
		{D91E524D-D5E9-4122-B740-A73821E898F4}.Debug|x86.Build.0 = Debug|Win32
		{D91E524D-D5E9-4122-B740-A73821E898F4}.Release|Any CPU.ActiveCfg = Release|Win32
		{D91E524D-D5E9-4122-B740-A73821E898F4}.Release|x64.ActiveCfg = Release|x64
		{D91E524D-D5E9-4122-B740-A73821E898F4}.Release|x64.Build.0 = Release|x64
		{D91E524D-D5E9-4122-B740-A73821E898F4}.Release|x86.ActiveCfg = Release|Win32
		{D91E524D-D5E9-4122-B740-A73821E898F4}.Release|x86.Build.0 = Release|Win32
		{954C65D5-7C2E-4858-83D9-479254EADEE8}.Debug|Any CPU.ActiveCfg = Debug|Any CPU
		{954C65D5-7C2E-4858-83D9-479254EADEE8}.Debug|Any CPU.Build.0 = Debug|Any CPU
		{954C65D5-7C2E-4858-83D9-479254EADEE8}.Debug|x64.ActiveCfg = Debug|Any CPU
		{954C65D5-7C2E-4858-83D9-479254EADEE8}.Debug|x64.Build.0 = Debug|Any CPU
		{954C65D5-7C2E-4858-83D9-479254EADEE8}.Debug|x86.ActiveCfg = Debug|Any CPU
		{954C65D5-7C2E-4858-83D9-479254EADEE8}.Debug|x86.Build.0 = Debug|Any CPU
		{954C65D5-7C2E-4858-83D9-479254EADEE8}.Release|Any CPU.ActiveCfg = Release|Any CPU
		{954C65D5-7C2E-4858-83D9-479254EADEE8}.Release|Any CPU.Build.0 = Release|Any CPU
		{954C65D5-7C2E-4858-83D9-479254EADEE8}.Release|x64.ActiveCfg = Release|Any CPU
		{954C65D5-7C2E-4858-83D9-479254EADEE8}.Release|x64.Build.0 = Release|Any CPU
		{954C65D5-7C2E-4858-83D9-479254EADEE8}.Release|x86.ActiveCfg = Release|Any CPU
		{954C65D5-7C2E-4858-83D9-479254EADEE8}.Release|x86.Build.0 = Release|Any CPU
		{639E854E-40C3-4D92-930F-BAD9A1603F66}.Debug|Any CPU.ActiveCfg = Debug|Any CPU
		{639E854E-40C3-4D92-930F-BAD9A1603F66}.Debug|Any CPU.Build.0 = Debug|Any CPU
		{639E854E-40C3-4D92-930F-BAD9A1603F66}.Debug|x64.ActiveCfg = Debug|Any CPU
		{639E854E-40C3-4D92-930F-BAD9A1603F66}.Debug|x64.Build.0 = Debug|Any CPU
		{639E854E-40C3-4D92-930F-BAD9A1603F66}.Debug|x86.ActiveCfg = Debug|Any CPU
		{639E854E-40C3-4D92-930F-BAD9A1603F66}.Debug|x86.Build.0 = Debug|Any CPU
		{639E854E-40C3-4D92-930F-BAD9A1603F66}.Release|Any CPU.ActiveCfg = Release|Any CPU
		{639E854E-40C3-4D92-930F-BAD9A1603F66}.Release|Any CPU.Build.0 = Release|Any CPU
		{639E854E-40C3-4D92-930F-BAD9A1603F66}.Release|x64.ActiveCfg = Release|Any CPU
		{639E854E-40C3-4D92-930F-BAD9A1603F66}.Release|x64.Build.0 = Release|Any CPU
		{639E854E-40C3-4D92-930F-BAD9A1603F66}.Release|x86.ActiveCfg = Release|Any CPU
		{639E854E-40C3-4D92-930F-BAD9A1603F66}.Release|x86.Build.0 = Release|Any CPU
		{91F91A16-DDF7-4EDA-89AD-15E343D5E2C8}.Debug|Any CPU.ActiveCfg = Debug|Win32
		{91F91A16-DDF7-4EDA-89AD-15E343D5E2C8}.Debug|x64.ActiveCfg = Debug|x64
		{91F91A16-DDF7-4EDA-89AD-15E343D5E2C8}.Debug|x64.Build.0 = Debug|x64
		{91F91A16-DDF7-4EDA-89AD-15E343D5E2C8}.Debug|x86.ActiveCfg = Debug|Win32
		{91F91A16-DDF7-4EDA-89AD-15E343D5E2C8}.Debug|x86.Build.0 = Debug|Win32
		{91F91A16-DDF7-4EDA-89AD-15E343D5E2C8}.Release|Any CPU.ActiveCfg = Release|Win32
		{91F91A16-DDF7-4EDA-89AD-15E343D5E2C8}.Release|x64.ActiveCfg = Release|x64
		{91F91A16-DDF7-4EDA-89AD-15E343D5E2C8}.Release|x64.Build.0 = Release|x64
		{91F91A16-DDF7-4EDA-89AD-15E343D5E2C8}.Release|x86.ActiveCfg = Release|Win32
		{91F91A16-DDF7-4EDA-89AD-15E343D5E2C8}.Release|x86.Build.0 = Release|Win32
	EndGlobalSection
	GlobalSection(SolutionProperties) = preSolution
		HideSolutionNode = FALSE
	EndGlobalSection
	GlobalSection(NestedProjects) = preSolution
		{BA892798-C6FC-4EA7-997D-5E5D06A73024} = {7BF1348F-14BE-4F2A-B51D-E75AFBFFB6C4}
		{941110E0-1E8D-4FCF-8600-85CFEC746E0B} = {7BF1348F-14BE-4F2A-B51D-E75AFBFFB6C4}
		{0F1F2508-7A5D-45D9-B6D4-CA415B0EA4F9} = {7BF1348F-14BE-4F2A-B51D-E75AFBFFB6C4}
		{FF76B305-33B8-4470-8F30-3F9BA4BFFC89} = {0F1F2508-7A5D-45D9-B6D4-CA415B0EA4F9}
		{903A5CB2-7E33-4FD6-AD8E-1229EBF83535} = {0F1F2508-7A5D-45D9-B6D4-CA415B0EA4F9}
		{7E63D4F8-2E29-4CA8-8E5C-66C658412021} = {0F1F2508-7A5D-45D9-B6D4-CA415B0EA4F9}
		{D91E524D-D5E9-4122-B740-A73821E898F4} = {7BF1348F-14BE-4F2A-B51D-E75AFBFFB6C4}
		{954C65D5-7C2E-4858-83D9-479254EADEE8} = {27696FDB-DBC1-484E-8585-CD73188C1229}
		{639E854E-40C3-4D92-930F-BAD9A1603F66} = {27696FDB-DBC1-484E-8585-CD73188C1229}
	EndGlobalSection
EndGlobal
