<?xml version="1.0" encoding="utf-8"?>
<Project ToolsVersion="4.0" xmlns="http://schemas.microsoft.com/developer/msbuild/2003">
  <ItemGroup>
    <Filter Include="Include">
      <UniqueIdentifier>{30688ded-2c5a-4176-9dad-09c435425fc4}</UniqueIdentifier>
    </Filter>
    <Filter Include="Source">
      <UniqueIdentifier>{186c85c5-22e0-4c21-9bb1-2edcc05fc540}</UniqueIdentifier>
    </Filter>
  </ItemGroup>
  <ItemGroup>
    <ClInclude Include="DLLExport.h">
      <Filter>Include</Filter>
    </ClInclude>
    <ClInclude Include="ConsoleRendererFactory.h">
      <Filter>Include</Filter>
    </ClInclude>
    <ClInclude Include="CustomGameObjectConsoleRenderer.h">
      <Filter>Include</Filter>
    </ClInclude>
  </ItemGroup>
  <ItemGroup>
    <ClCompile Include="DLLMain.cpp">
      <Filter>Source</Filter>
    </ClCompile>
    <ClCompile Include="ConsoleRendererFactory.cpp">
      <Filter>Source</Filter>
    </ClCompile>
    <ClCompile Include="CustomGameObjectConsoleRenderer.cpp">
      <Filter>Source</Filter>
    </ClCompile>
  </ItemGroup>
</Project>